
Microsoft Visual Studio Solution File, Format Version 12.00
# Visual Studio 15
VisualStudioVersion = 15.0.27004.2009
MinimumVisualStudioVersion = 10.0.40219.1
Project("{FAE04EC0-301F-11D3-BF4B-00C04F79EFBC}") = "DependencyInversion", "DependencyInversion\DependencyInversion.csproj", "{5E328D33-B000-462E-ABD4-2AE8CA55C012}"
EndProject
Project("{FAE04EC0-301F-11D3-BF4B-00C04F79EFBC}") = "InterfaceSegregation", "InterfaceSegregation\InterfaceSegregation.csproj", "{72D46723-5C0C-435C-B3DB-A9ECFC366F77}"
EndProject
Project("{FAE04EC0-301F-11D3-BF4B-00C04F79EFBC}") = "SingleResponsability", "SingleResponsability\SingleResponsability.csproj", "{5E864300-4448-42A9-9273-3C765888E1A8}"
EndProject
Project("{FAE04EC0-301F-11D3-BF4B-00C04F79EFBC}") = "OpenClosed", "OpenClosed\OpenClosed.csproj", "{3E4AD167-F403-4571-99BB-9275B53979E9}"
EndProject
Project("{FAE04EC0-301F-11D3-BF4B-00C04F79EFBC}") = "Solid.FullExample", "Solid.FullExample\Solid.FullExample.csproj", "{E6FA7051-65E8-439A-AC85-0635F4673F22}"
EndProject
Project("{FAE04EC0-301F-11D3-BF4B-00C04F79EFBC}") = "LiskovSubstitution", "LiskovSubstitution\LiskovSubstitution.csproj", "{0A3B9258-35E3-4FD8-94FC-89CE3D7247B9}"
EndProject
Global
	GlobalSection(SolutionConfigurationPlatforms) = preSolution
		Debug|Any CPU = Debug|Any CPU
		Release|Any CPU = Release|Any CPU
	EndGlobalSection
	GlobalSection(ProjectConfigurationPlatforms) = postSolution
		{5E328D33-B000-462E-ABD4-2AE8CA55C012}.Debug|Any CPU.ActiveCfg = Debug|Any CPU
		{5E328D33-B000-462E-ABD4-2AE8CA55C012}.Debug|Any CPU.Build.0 = Debug|Any CPU
		{5E328D33-B000-462E-ABD4-2AE8CA55C012}.Release|Any CPU.ActiveCfg = Release|Any CPU
		{5E328D33-B000-462E-ABD4-2AE8CA55C012}.Release|Any CPU.Build.0 = Release|Any CPU
		{72D46723-5C0C-435C-B3DB-A9ECFC366F77}.Debug|Any CPU.ActiveCfg = Debug|Any CPU
		{72D46723-5C0C-435C-B3DB-A9ECFC366F77}.Debug|Any CPU.Build.0 = Debug|Any CPU
		{72D46723-5C0C-435C-B3DB-A9ECFC366F77}.Release|Any CPU.ActiveCfg = Release|Any CPU
		{72D46723-5C0C-435C-B3DB-A9ECFC366F77}.Release|Any CPU.Build.0 = Release|Any CPU
		{5E864300-4448-42A9-9273-3C765888E1A8}.Debug|Any CPU.ActiveCfg = Debug|Any CPU
		{5E864300-4448-42A9-9273-3C765888E1A8}.Debug|Any CPU.Build.0 = Debug|Any CPU
		{5E864300-4448-42A9-9273-3C765888E1A8}.Release|Any CPU.ActiveCfg = Release|Any CPU
		{5E864300-4448-42A9-9273-3C765888E1A8}.Release|Any CPU.Build.0 = Release|Any CPU
		{3E4AD167-F403-4571-99BB-9275B53979E9}.Debug|Any CPU.ActiveCfg = Debug|Any CPU
		{3E4AD167-F403-4571-99BB-9275B53979E9}.Debug|Any CPU.Build.0 = Debug|Any CPU
		{3E4AD167-F403-4571-99BB-9275B53979E9}.Release|Any CPU.ActiveCfg = Release|Any CPU
		{3E4AD167-F403-4571-99BB-9275B53979E9}.Release|Any CPU.Build.0 = Release|Any CPU
		{E6FA7051-65E8-439A-AC85-0635F4673F22}.Debug|Any CPU.ActiveCfg = Debug|Any CPU
		{E6FA7051-65E8-439A-AC85-0635F4673F22}.Debug|Any CPU.Build.0 = Debug|Any CPU
		{E6FA7051-65E8-439A-AC85-0635F4673F22}.Release|Any CPU.ActiveCfg = Release|Any CPU
		{E6FA7051-65E8-439A-AC85-0635F4673F22}.Release|Any CPU.Build.0 = Release|Any CPU
		{0A3B9258-35E3-4FD8-94FC-89CE3D7247B9}.Debug|Any CPU.ActiveCfg = Debug|Any CPU
		{0A3B9258-35E3-4FD8-94FC-89CE3D7247B9}.Debug|Any CPU.Build.0 = Debug|Any CPU
		{0A3B9258-35E3-4FD8-94FC-89CE3D7247B9}.Release|Any CPU.ActiveCfg = Release|Any CPU
		{0A3B9258-35E3-4FD8-94FC-89CE3D7247B9}.Release|Any CPU.Build.0 = Release|Any CPU
	EndGlobalSection
	GlobalSection(SolutionProperties) = preSolution
		HideSolutionNode = FALSE
	EndGlobalSection
	GlobalSection(ExtensibilityGlobals) = postSolution
		SolutionGuid = {2B53A498-3AE4-48E3-8289-A57EA723145A}
	EndGlobalSection
EndGlobal
